
Microsoft Visual Studio Solution File, Format Version 12.00
# Visual Studio Version 17
VisualStudioVersion = 17.3.32929.385
MinimumVisualStudioVersion = 10.0.40219.1
Project("{9A19103F-16F7-4668-BE54-9A1E7A4F7556}") = "IvanGram", "IvanGram\IvanGram.csproj", "{8D406472-568D-4DC0-A6DB-FC3143F45BE0}"
EndProject
Project("{9A19103F-16F7-4668-BE54-9A1E7A4F7556}") = "DAL", "DAL\DAL.csproj", "{1F08C662-A882-4719-8B34-C7E23BD5F30D}"
EndProject
Project("{FAE04EC0-301F-11D3-BF4B-00C04F79EFBC}") = "Common", "Common\Common.csproj", "{A049EA8A-8364-478A-B05A-9A7EA1F794FB}"
EndProject
Global
	GlobalSection(SolutionConfigurationPlatforms) = preSolution
		Debug|Any CPU = Debug|Any CPU
		Release|Any CPU = Release|Any CPU
	EndGlobalSection
	GlobalSection(ProjectConfigurationPlatforms) = postSolution
		{8D406472-568D-4DC0-A6DB-FC3143F45BE0}.Debug|Any CPU.ActiveCfg = Debug|Any CPU
		{8D406472-568D-4DC0-A6DB-FC3143F45BE0}.Debug|Any CPU.Build.0 = Debug|Any CPU
		{8D406472-568D-4DC0-A6DB-FC3143F45BE0}.Release|Any CPU.ActiveCfg = Release|Any CPU
		{8D406472-568D-4DC0-A6DB-FC3143F45BE0}.Release|Any CPU.Build.0 = Release|Any CPU
		{1F08C662-A882-4719-8B34-C7E23BD5F30D}.Debug|Any CPU.ActiveCfg = Debug|Any CPU
		{1F08C662-A882-4719-8B34-C7E23BD5F30D}.Debug|Any CPU.Build.0 = Debug|Any CPU
		{1F08C662-A882-4719-8B34-C7E23BD5F30D}.Release|Any CPU.ActiveCfg = Release|Any CPU
		{1F08C662-A882-4719-8B34-C7E23BD5F30D}.Release|Any CPU.Build.0 = Release|Any CPU
		{A049EA8A-8364-478A-B05A-9A7EA1F794FB}.Debug|Any CPU.ActiveCfg = Debug|Any CPU
		{A049EA8A-8364-478A-B05A-9A7EA1F794FB}.Debug|Any CPU.Build.0 = Debug|Any CPU
		{A049EA8A-8364-478A-B05A-9A7EA1F794FB}.Release|Any CPU.ActiveCfg = Release|Any CPU
		{A049EA8A-8364-478A-B05A-9A7EA1F794FB}.Release|Any CPU.Build.0 = Release|Any CPU
	EndGlobalSection
	GlobalSection(SolutionProperties) = preSolution
		HideSolutionNode = FALSE
	EndGlobalSection
	GlobalSection(ExtensibilityGlobals) = postSolution
		SolutionGuid = {40196F21-5F7B-441B-B36F-E6EC9A3415AA}
	EndGlobalSection
EndGlobal
